{
  "nodes": {
    "nixpkgs": {
      "locked": {
        "lastModified": 1788312696,
        "narHash": "sha256-gst9BDcJSHoOvMkNFMPEWEPzIasAGOZNLVyba0qknBo=",
        "owner": "nixos",
        "repo": "nixpkgs",
        "rev": "4ec813ad6aedbd1d3d369ea608ae76e80438f54b",
        "type": "github"
      },
      "original": {
        "owner": "nixos",
        "repo": "nixpkgs",
        "type": "github"
      }
    },
    "nixpkgs_2": {
      "locked": {
        "lastModified": 1744536153,
        "narHash": "sha256-awS2zRgF4uTwrOKwwiJcByDzDOdo3Q1rPZbiHQg/N38=",
        "owner": "NixOS",
        "repo": "nixpkgs",
        "rev": "18dd725c29603f582cf1900e0d25f9f1063dbf11",
        "type": "github"
      },
      "original": {
        "owner": "NixOS",
        "ref": "nixpkgs-unstable",
        "repo": "nixpkgs",
        "type": "github"
      }
    },
    "root": {
      "inputs": {
        "nixpkgs": "nixpkgs",
        "rust-overlay": "rust-overlay"
      }
    },
    "rust-overlay": {
      "inputs": {
        "nixpkgs": "nixpkgs_2"
      },
      "locked": {
        "lastModified": 1788456718,
        "narHash": "sha256-TxHC0sBjV2pmsBLKAX02JTXlye/EOLt6Do+WNtGofGw=",
        "owner": "oxalica",
        "repo": "rust-overlay",
        "rev": "0b20a18e84d9164464739189c2b2a1b00f6f0e4b",
        "type": "github"
      },
      "original": {
        "owner": "oxalica",
        "repo": "rust-overlay",
        "type": "github"
      }
    }
  },
  "root": "root",
  "version": 7
}
